
Microsoft Visual Studio Solution File, Format Version 12.00
# Visual Studio Express 2013 for Windows Desktop
VisualStudioVersion = 12.0.30723.0
MinimumVisualStudioVersion = 10.0.40219.1
Project("{FAE04EC0-301F-11D3-BF4B-00C04F79EFBC}") = "ConfigurationGUI", "ConfigurationGUI\ConfigurationGUI.csproj", "{E4322801-3964-45D4-A23D-4A43A4A4A92C}"
EndProject
Project("{8BC9CEB8-8B4A-11D0-8D11-00A0C91BC942}") = "forest-client", "forest-client.vcxproj", "{9EA52CFF-AEBF-4A2E-A988-6311B05CDE10}"
EndProject
Global
	GlobalSection(SolutionConfigurationPlatforms) = preSolution
		Debug|Any CPU = Debug|Any CPU
		Debug|Mixed Platforms = Debug|Mixed Platforms
		Debug|x64 = Debug|x64
		Debug|x86 = Debug|x86
		Release - Windows XP|Any CPU = Release - Windows XP|Any CPU
		Release - Windows XP|Mixed Platforms = Release - Windows XP|Mixed Platforms
		Release - Windows XP|x64 = Release - Windows XP|x64
		Release - Windows XP|x86 = Release - Windows XP|x86
		Release|Any CPU = Release|Any CPU
		Release|Mixed Platforms = Release|Mixed Platforms
		Release|x64 = Release|x64
		Release|x86 = Release|x86
	EndGlobalSection
	GlobalSection(ProjectConfigurationPlatforms) = postSolution
		{E4322801-3964-45D4-A23D-4A43A4A4A92C}.Debug|Any CPU.ActiveCfg = Debug|Any CPU
		{E4322801-3964-45D4-A23D-4A43A4A4A92C}.Debug|Any CPU.Build.0 = Debug|Any CPU
		{E4322801-3964-45D4-A23D-4A43A4A4A92C}.Debug|Mixed Platforms.ActiveCfg = Debug|Any CPU
		{E4322801-3964-45D4-A23D-4A43A4A4A92C}.Debug|Mixed Platforms.Build.0 = Debug|Any CPU
		{E4322801-3964-45D4-A23D-4A43A4A4A92C}.Debug|x64.ActiveCfg = Debug|Any CPU
		{E4322801-3964-45D4-A23D-4A43A4A4A92C}.Debug|x64.Build.0 = Debug|Any CPU
		{E4322801-3964-45D4-A23D-4A43A4A4A92C}.Debug|x86.ActiveCfg = Debug|Any CPU
		{E4322801-3964-45D4-A23D-4A43A4A4A92C}.Debug|x86.Build.0 = Debug|Any CPU
		{E4322801-3964-45D4-A23D-4A43A4A4A92C}.Release - Windows XP|Any CPU.ActiveCfg = Release|Any CPU
		{E4322801-3964-45D4-A23D-4A43A4A4A92C}.Release - Windows XP|Any CPU.Build.0 = Release|Any CPU
		{E4322801-3964-45D4-A23D-4A43A4A4A92C}.Release - Windows XP|Mixed Platforms.ActiveCfg = Release|Any CPU
		{E4322801-3964-45D4-A23D-4A43A4A4A92C}.Release - Windows XP|Mixed Platforms.Build.0 = Release|Any CPU
		{E4322801-3964-45D4-A23D-4A43A4A4A92C}.Release - Windows XP|x64.ActiveCfg = Release|Any CPU
		{E4322801-3964-45D4-A23D-4A43A4A4A92C}.Release - Windows XP|x86.ActiveCfg = Release|Any CPU
		{E4322801-3964-45D4-A23D-4A43A4A4A92C}.Release - Windows XP|x86.Build.0 = Release|Any CPU
		{E4322801-3964-45D4-A23D-4A43A4A4A92C}.Release|Any CPU.ActiveCfg = Release|Any CPU
		{E4322801-3964-45D4-A23D-4A43A4A4A92C}.Release|Any CPU.Build.0 = Release|Any CPU
		{E4322801-3964-45D4-A23D-4A43A4A4A92C}.Release|Mixed Platforms.ActiveCfg = Release|Any CPU
		{E4322801-3964-45D4-A23D-4A43A4A4A92C}.Release|Mixed Platforms.Build.0 = Release|Any CPU
		{E4322801-3964-45D4-A23D-4A43A4A4A92C}.Release|x64.ActiveCfg = Release|Any CPU
		{E4322801-3964-45D4-A23D-4A43A4A4A92C}.Release|x64.Build.0 = Release|Any CPU
		{E4322801-3964-45D4-A23D-4A43A4A4A92C}.Release|x86.ActiveCfg = Release|Any CPU
		{E4322801-3964-45D4-A23D-4A43A4A4A92C}.Release|x86.Build.0 = Release|Any CPU
		{9EA52CFF-AEBF-4A2E-A988-6311B05CDE10}.Debug|Any CPU.ActiveCfg = Debug|x64
		{9EA52CFF-AEBF-4A2E-A988-6311B05CDE10}.Debug|Mixed Platforms.ActiveCfg = Debug|Win32
		{9EA52CFF-AEBF-4A2E-A988-6311B05CDE10}.Debug|Mixed Platforms.Build.0 = Debug|Win32
		{9EA52CFF-AEBF-4A2E-A988-6311B05CDE10}.Debug|x64.ActiveCfg = Debug|x64
		{9EA52CFF-AEBF-4A2E-A988-6311B05CDE10}.Debug|x64.Build.0 = Debug|x64
		{9EA52CFF-AEBF-4A2E-A988-6311B05CDE10}.Debug|x86.ActiveCfg = Debug|Win32
		{9EA52CFF-AEBF-4A2E-A988-6311B05CDE10}.Debug|x86.Build.0 = Debug|Win32
		{9EA52CFF-AEBF-4A2E-A988-6311B05CDE10}.Release - Windows XP|Any CPU.ActiveCfg = Release - Windows XP|Win32
		{9EA52CFF-AEBF-4A2E-A988-6311B05CDE10}.Release - Windows XP|Any CPU.Build.0 = Release - Windows XP|Win32
		{9EA52CFF-AEBF-4A2E-A988-6311B05CDE10}.Release - Windows XP|Mixed Platforms.ActiveCfg = Release - Windows XP|Win32
		{9EA52CFF-AEBF-4A2E-A988-6311B05CDE10}.Release - Windows XP|Mixed Platforms.Build.0 = Release - Windows XP|Win32
		{9EA52CFF-AEBF-4A2E-A988-6311B05CDE10}.Release - Windows XP|x64.ActiveCfg = Release - Windows XP|x64
		{9EA52CFF-AEBF-4A2E-A988-6311B05CDE10}.Release - Windows XP|x86.ActiveCfg = Release - Windows XP|Win32
		{9EA52CFF-AEBF-4A2E-A988-6311B05CDE10}.Release - Windows XP|x86.Build.0 = Release - Windows XP|Win32
		{9EA52CFF-AEBF-4A2E-A988-6311B05CDE10}.Release|Any CPU.ActiveCfg = Release|x64
		{9EA52CFF-AEBF-4A2E-A988-6311B05CDE10}.Release|Mixed Platforms.ActiveCfg = Release|Win32
		{9EA52CFF-AEBF-4A2E-A988-6311B05CDE10}.Release|Mixed Platforms.Build.0 = Release|Win32
		{9EA52CFF-AEBF-4A2E-A988-6311B05CDE10}.Release|x64.ActiveCfg = Release|x64
		{9EA52CFF-AEBF-4A2E-A988-6311B05CDE10}.Release|x64.Build.0 = Release|x64
		{9EA52CFF-AEBF-4A2E-A988-6311B05CDE10}.Release|x86.ActiveCfg = Release|Win32
		{9EA52CFF-AEBF-4A2E-A988-6311B05CDE10}.Release|x86.Build.0 = Release|Win32
	EndGlobalSection
	GlobalSection(SolutionProperties) = preSolution
		HideSolutionNode = FALSE
	EndGlobalSection
EndGlobal
