
Microsoft Visual Studio Solution File, Format Version 9.00
# Visual Studio 2005
Project("{FAE04EC0-301F-11D3-BF4B-00C04F79EFBC}") = "forest-client", "forest-client\forest-client.csproj", "{CCCAA498-0F56-4DB3-B8C9-9F24DBBDD607}"
EndProject
Project("{FAE04EC0-301F-11D3-BF4B-00C04F79EFBC}") = "ConfigurationGUI", "ConfigurationGUI\ConfigurationGUI.csproj", "{E4322801-3964-45D4-A23D-4A43A4A4A92C}"
EndProject
Global
	GlobalSection(SolutionConfigurationPlatforms) = preSolution
		Debug|Any CPU = Debug|Any CPU
		Release|Any CPU = Release|Any CPU
	EndGlobalSection
	GlobalSection(ProjectConfigurationPlatforms) = postSolution
		{CCCAA498-0F56-4DB3-B8C9-9F24DBBDD607}.Debug|Any CPU.ActiveCfg = Debug|Any CPU
		{CCCAA498-0F56-4DB3-B8C9-9F24DBBDD607}.Debug|Any CPU.Build.0 = Debug|Any CPU
		{CCCAA498-0F56-4DB3-B8C9-9F24DBBDD607}.Release|Any CPU.ActiveCfg = Release|Any CPU
		{CCCAA498-0F56-4DB3-B8C9-9F24DBBDD607}.Release|Any CPU.Build.0 = Release|Any CPU
		{E4322801-3964-45D4-A23D-4A43A4A4A92C}.Debug|Any CPU.ActiveCfg = Debug|Any CPU
		{E4322801-3964-45D4-A23D-4A43A4A4A92C}.Debug|Any CPU.Build.0 = Debug|Any CPU
		{E4322801-3964-45D4-A23D-4A43A4A4A92C}.Release|Any CPU.ActiveCfg = Release|Any CPU
		{E4322801-3964-45D4-A23D-4A43A4A4A92C}.Release|Any CPU.Build.0 = Release|Any CPU
	EndGlobalSection
	GlobalSection(SolutionProperties) = preSolution
		HideSolutionNode = FALSE
	EndGlobalSection
EndGlobal
